
Microsoft Visual Studio Solution File, Format Version 12.00
# Visual Studio Version 17
VisualStudioVersion = 17.10.35122.118
MinimumVisualStudioVersion = 10.0.40219.1
Project("{FAE04EC0-301F-11D3-BF4B-00C04F79EFBC}") = "gym_mangment_system", "gym_mangment_system.csproj", "{73A39FF2-0EEA-4F70-98AF-5FDF02D05A5D}"
EndProject
Global
	GlobalSection(SolutionConfigurationPlatforms) = preSolution
		Debug|Any CPU = Debug|Any CPU
		Release|Any CPU = Release|Any CPU
	EndGlobalSection
	GlobalSection(ProjectConfigurationPlatforms) = postSolution
		{73A39FF2-0EEA-4F70-98AF-5FDF02D05A5D}.Debug|Any CPU.ActiveCfg = Debug|Any CPU
		{73A39FF2-0EEA-4F70-98AF-5FDF02D05A5D}.Debug|Any CPU.Build.0 = Debug|Any CPU
		{73A39FF2-0EEA-4F70-98AF-5FDF02D05A5D}.Release|Any CPU.ActiveCfg = Release|Any CPU
		{73A39FF2-0EEA-4F70-98AF-5FDF02D05A5D}.Release|Any CPU.Build.0 = Release|Any CPU
	EndGlobalSection
	GlobalSection(SolutionProperties) = preSolution
		HideSolutionNode = FALSE
	EndGlobalSection
	GlobalSection(ExtensibilityGlobals) = postSolution
		SolutionGuid = {A540502F-961C-4B62-BC1A-C9D88F8770CC}
	EndGlobalSection
EndGlobal
